
Microsoft Visual Studio Solution File, Format Version 12.00
# Visual Studio Version 17
VisualStudioVersion = 17.9.34723.18
MinimumVisualStudioVersion = 10.0.40219.1
Project("{FAE04EC0-301F-11D3-BF4B-00C04F79EFBC}") = "SortingAlgorithms", "SortingAlgorithms\SortingAlgorithms.csproj", "{6DF62D10-DF10-4F3C-ADAB-81F8A748D653}"
EndProject
Global
	GlobalSection(SolutionConfigurationPlatforms) = preSolution
		Debug|Any CPU = Debug|Any CPU
		Release|Any CPU = Release|Any CPU
	EndGlobalSection
	GlobalSection(ProjectConfigurationPlatforms) = postSolution
		{6DF62D10-DF10-4F3C-ADAB-81F8A748D653}.Debug|Any CPU.ActiveCfg = Debug|Any CPU
		{6DF62D10-DF10-4F3C-ADAB-81F8A748D653}.Debug|Any CPU.Build.0 = Debug|Any CPU
		{6DF62D10-DF10-4F3C-ADAB-81F8A748D653}.Release|Any CPU.ActiveCfg = Release|Any CPU
		{6DF62D10-DF10-4F3C-ADAB-81F8A748D653}.Release|Any CPU.Build.0 = Release|Any CPU
	EndGlobalSection
	GlobalSection(SolutionProperties) = preSolution
		HideSolutionNode = FALSE
	EndGlobalSection
	GlobalSection(ExtensibilityGlobals) = postSolution
		SolutionGuid = {0A0DD055-D9E9-4A5D-958A-80CB938B72D5}
	EndGlobalSection
EndGlobal
