
Microsoft Visual Studio Solution File, Format Version 12.00
# Visual Studio Version 17
VisualStudioVersion = 17.9.34723.18
MinimumVisualStudioVersion = 10.0.40219.1
Project("{FAE04EC0-301F-11D3-BF4B-00C04F79EFBC}") = "HeapSort", "HeapSort\HeapSort.csproj", "{A7D758BA-8991-4374-A705-9F0A87D4C755}"
EndProject
Global
	GlobalSection(SolutionConfigurationPlatforms) = preSolution
		Debug|Any CPU = Debug|Any CPU
		Release|Any CPU = Release|Any CPU
	EndGlobalSection
	GlobalSection(ProjectConfigurationPlatforms) = postSolution
		{A7D758BA-8991-4374-A705-9F0A87D4C755}.Debug|Any CPU.ActiveCfg = Debug|Any CPU
		{A7D758BA-8991-4374-A705-9F0A87D4C755}.Debug|Any CPU.Build.0 = Debug|Any CPU
		{A7D758BA-8991-4374-A705-9F0A87D4C755}.Release|Any CPU.ActiveCfg = Release|Any CPU
		{A7D758BA-8991-4374-A705-9F0A87D4C755}.Release|Any CPU.Build.0 = Release|Any CPU
	EndGlobalSection
	GlobalSection(SolutionProperties) = preSolution
		HideSolutionNode = FALSE
	EndGlobalSection
	GlobalSection(ExtensibilityGlobals) = postSolution
		SolutionGuid = {FE9E3611-09EE-4FE6-80C2-DBCE3EA632AD}
	EndGlobalSection
EndGlobal
