
Microsoft Visual Studio Solution File, Format Version 12.00
# Visual Studio Version 17
VisualStudioVersion = 17.9.34723.18
MinimumVisualStudioVersion = 10.0.40219.1
Project("{FAE04EC0-301F-11D3-BF4B-00C04F79EFBC}") = "Recursion", "Recursion\Recursion.csproj", "{1FC34105-7A9E-4C84-B171-2C9FD9173C72}"
EndProject
Global
	GlobalSection(SolutionConfigurationPlatforms) = preSolution
		Debug|Any CPU = Debug|Any CPU
		Release|Any CPU = Release|Any CPU
	EndGlobalSection
	GlobalSection(ProjectConfigurationPlatforms) = postSolution
		{1FC34105-7A9E-4C84-B171-2C9FD9173C72}.Debug|Any CPU.ActiveCfg = Debug|Any CPU
		{1FC34105-7A9E-4C84-B171-2C9FD9173C72}.Debug|Any CPU.Build.0 = Debug|Any CPU
		{1FC34105-7A9E-4C84-B171-2C9FD9173C72}.Release|Any CPU.ActiveCfg = Release|Any CPU
		{1FC34105-7A9E-4C84-B171-2C9FD9173C72}.Release|Any CPU.Build.0 = Release|Any CPU
	EndGlobalSection
	GlobalSection(SolutionProperties) = preSolution
		HideSolutionNode = FALSE
	EndGlobalSection
	GlobalSection(ExtensibilityGlobals) = postSolution
		SolutionGuid = {55F71AB6-352A-4466-A569-AC4BDF3445F8}
	EndGlobalSection
EndGlobal
