
Microsoft Visual Studio Solution File, Format Version 12.00
# Visual Studio Version 17
VisualStudioVersion = 17.9.34723.18
MinimumVisualStudioVersion = 10.0.40219.1
Project("{FAE04EC0-301F-11D3-BF4B-00C04F79EFBC}") = "LINQ_TO_SQL_DEMO", "LINQ_TO_SQL_DEMO\LINQ_TO_SQL_DEMO.csproj", "{210D1E01-98DC-45FC-BFAD-314420C8A65C}"
EndProject
Global
	GlobalSection(SolutionConfigurationPlatforms) = preSolution
		Debug|Any CPU = Debug|Any CPU
		Release|Any CPU = Release|Any CPU
	EndGlobalSection
	GlobalSection(ProjectConfigurationPlatforms) = postSolution
		{210D1E01-98DC-45FC-BFAD-314420C8A65C}.Debug|Any CPU.ActiveCfg = Debug|Any CPU
		{210D1E01-98DC-45FC-BFAD-314420C8A65C}.Debug|Any CPU.Build.0 = Debug|Any CPU
		{210D1E01-98DC-45FC-BFAD-314420C8A65C}.Release|Any CPU.ActiveCfg = Release|Any CPU
		{210D1E01-98DC-45FC-BFAD-314420C8A65C}.Release|Any CPU.Build.0 = Release|Any CPU
	EndGlobalSection
	GlobalSection(SolutionProperties) = preSolution
		HideSolutionNode = FALSE
	EndGlobalSection
	GlobalSection(ExtensibilityGlobals) = postSolution
		SolutionGuid = {973D99E6-E6F8-4BD4-9285-191A91910B3A}
	EndGlobalSection
EndGlobal
