
Microsoft Visual Studio Solution File, Format Version 12.00
# Visual Studio Version 17
VisualStudioVersion = 17.9.34723.18
MinimumVisualStudioVersion = 10.0.40219.1
Project("{FAE04EC0-301F-11D3-BF4B-00C04F79EFBC}") = "LambdaPractice", "LambdaPractice\LambdaPractice.csproj", "{A8A15D07-F2A5-4FBC-B057-96BF22BF6BEF}"
EndProject
Project("{FAE04EC0-301F-11D3-BF4B-00C04F79EFBC}") = "AnonymousFunction", "AnonymousFunction\AnonymousFunction.csproj", "{9F4A9EBA-7E45-41CA-86E7-E8B3982B363C}"
EndProject
Global
	GlobalSection(SolutionConfigurationPlatforms) = preSolution
		Debug|Any CPU = Debug|Any CPU
		Release|Any CPU = Release|Any CPU
	EndGlobalSection
	GlobalSection(ProjectConfigurationPlatforms) = postSolution
		{A8A15D07-F2A5-4FBC-B057-96BF22BF6BEF}.Debug|Any CPU.ActiveCfg = Debug|Any CPU
		{A8A15D07-F2A5-4FBC-B057-96BF22BF6BEF}.Debug|Any CPU.Build.0 = Debug|Any CPU
		{A8A15D07-F2A5-4FBC-B057-96BF22BF6BEF}.Release|Any CPU.ActiveCfg = Release|Any CPU
		{A8A15D07-F2A5-4FBC-B057-96BF22BF6BEF}.Release|Any CPU.Build.0 = Release|Any CPU
		{9F4A9EBA-7E45-41CA-86E7-E8B3982B363C}.Debug|Any CPU.ActiveCfg = Debug|Any CPU
		{9F4A9EBA-7E45-41CA-86E7-E8B3982B363C}.Debug|Any CPU.Build.0 = Debug|Any CPU
		{9F4A9EBA-7E45-41CA-86E7-E8B3982B363C}.Release|Any CPU.ActiveCfg = Release|Any CPU
		{9F4A9EBA-7E45-41CA-86E7-E8B3982B363C}.Release|Any CPU.Build.0 = Release|Any CPU
	EndGlobalSection
	GlobalSection(SolutionProperties) = preSolution
		HideSolutionNode = FALSE
	EndGlobalSection
	GlobalSection(ExtensibilityGlobals) = postSolution
		SolutionGuid = {4AF269E7-FE8C-4D88-855F-B4C0B0C16A5C}
	EndGlobalSection
EndGlobal
