
Microsoft Visual Studio Solution File, Format Version 12.00
# Visual Studio Version 17
VisualStudioVersion = 17.9.34723.18
MinimumVisualStudioVersion = 10.0.40219.1
Project("{FAE04EC0-301F-11D3-BF4B-00C04F79EFBC}") = "Queue", "Queue\Queue.csproj", "{48B5F6CB-18D1-4E19-A662-03CB15D1798B}"
EndProject
Global
	GlobalSection(SolutionConfigurationPlatforms) = preSolution
		Debug|Any CPU = Debug|Any CPU
		Release|Any CPU = Release|Any CPU
	EndGlobalSection
	GlobalSection(ProjectConfigurationPlatforms) = postSolution
		{48B5F6CB-18D1-4E19-A662-03CB15D1798B}.Debug|Any CPU.ActiveCfg = Debug|Any CPU
		{48B5F6CB-18D1-4E19-A662-03CB15D1798B}.Debug|Any CPU.Build.0 = Debug|Any CPU
		{48B5F6CB-18D1-4E19-A662-03CB15D1798B}.Release|Any CPU.ActiveCfg = Release|Any CPU
		{48B5F6CB-18D1-4E19-A662-03CB15D1798B}.Release|Any CPU.Build.0 = Release|Any CPU
	EndGlobalSection
	GlobalSection(SolutionProperties) = preSolution
		HideSolutionNode = FALSE
	EndGlobalSection
	GlobalSection(ExtensibilityGlobals) = postSolution
		SolutionGuid = {0DD95F85-9E85-4CF1-BB56-A3F3F0E2A709}
	EndGlobalSection
EndGlobal
