
Microsoft Visual Studio Solution File, Format Version 12.00
# Visual Studio Version 17
VisualStudioVersion = 17.9.34723.18
MinimumVisualStudioVersion = 10.0.40219.1
Project("{FAE04EC0-301F-11D3-BF4B-00C04F79EFBC}") = "LinqExamples", "LinqExamples\LinqExamples.csproj", "{4F45751B-74D5-488F-B1C0-CC26A12869CC}"
EndProject
Global
	GlobalSection(SolutionConfigurationPlatforms) = preSolution
		Debug|Any CPU = Debug|Any CPU
		Release|Any CPU = Release|Any CPU
	EndGlobalSection
	GlobalSection(ProjectConfigurationPlatforms) = postSolution
		{4F45751B-74D5-488F-B1C0-CC26A12869CC}.Debug|Any CPU.ActiveCfg = Debug|Any CPU
		{4F45751B-74D5-488F-B1C0-CC26A12869CC}.Debug|Any CPU.Build.0 = Debug|Any CPU
		{4F45751B-74D5-488F-B1C0-CC26A12869CC}.Release|Any CPU.ActiveCfg = Release|Any CPU
		{4F45751B-74D5-488F-B1C0-CC26A12869CC}.Release|Any CPU.Build.0 = Release|Any CPU
	EndGlobalSection
	GlobalSection(SolutionProperties) = preSolution
		HideSolutionNode = FALSE
	EndGlobalSection
	GlobalSection(ExtensibilityGlobals) = postSolution
		SolutionGuid = {B65225DE-5486-4838-ACAD-971DBF2BC890}
	EndGlobalSection
EndGlobal
